
Microsoft Visual Studio Solution File, Format Version 12.00
# Visual Studio Version 16
VisualStudioVersion = 16.0.30309.148
MinimumVisualStudioVersion = 10.0.40219.1
Project("{FAE04EC0-301F-11D3-BF4B-00C04F79EFBC}") = "GameIdeaGenerator", "GameIdeaGenerator\GameIdeaGenerator.csproj", "{98A53313-EC05-4EAA-8D42-8FC3D6B88562}"
EndProject
Global
	GlobalSection(SolutionConfigurationPlatforms) = preSolution
		Debug|Any CPU = Debug|Any CPU
		Release|Any CPU = Release|Any CPU
	EndGlobalSection
	GlobalSection(ProjectConfigurationPlatforms) = postSolution
		{98A53313-EC05-4EAA-8D42-8FC3D6B88562}.Debug|Any CPU.ActiveCfg = Debug|Any CPU
		{98A53313-EC05-4EAA-8D42-8FC3D6B88562}.Debug|Any CPU.Build.0 = Debug|Any CPU
		{98A53313-EC05-4EAA-8D42-8FC3D6B88562}.Release|Any CPU.ActiveCfg = Release|Any CPU
		{98A53313-EC05-4EAA-8D42-8FC3D6B88562}.Release|Any CPU.Build.0 = Release|Any CPU
	EndGlobalSection
	GlobalSection(SolutionProperties) = preSolution
		HideSolutionNode = FALSE
	EndGlobalSection
	GlobalSection(ExtensibilityGlobals) = postSolution
		SolutionGuid = {CA0617E2-B30A-4EAA-AF4C-C04667F117C8}
	EndGlobalSection
EndGlobal
